
Microsoft Visual Studio Solution File, Format Version 12.00
# Visual Studio Version 17
VisualStudioVersion = 17.7.34202.233
MinimumVisualStudioVersion = 10.0.40219.1
Project("{FAE04EC0-301F-11D3-BF4B-00C04F79EFBC}") = "AprenderBrincando", "AprenderBrincando\AprenderBrincando.csproj", "{9E639C9E-8655-4198-91C5-C3DFAFD897EE}"
EndProject
Global
	GlobalSection(SolutionConfigurationPlatforms) = preSolution
		Debug|Any CPU = Debug|Any CPU
		Release|Any CPU = Release|Any CPU
	EndGlobalSection
	GlobalSection(ProjectConfigurationPlatforms) = postSolution
		{9E639C9E-8655-4198-91C5-C3DFAFD897EE}.Debug|Any CPU.ActiveCfg = Debug|Any CPU
		{9E639C9E-8655-4198-91C5-C3DFAFD897EE}.Debug|Any CPU.Build.0 = Debug|Any CPU
		{9E639C9E-8655-4198-91C5-C3DFAFD897EE}.Release|Any CPU.ActiveCfg = Release|Any CPU
		{9E639C9E-8655-4198-91C5-C3DFAFD897EE}.Release|Any CPU.Build.0 = Release|Any CPU
	EndGlobalSection
	GlobalSection(SolutionProperties) = preSolution
		HideSolutionNode = FALSE
	EndGlobalSection
	GlobalSection(ExtensibilityGlobals) = postSolution
		SolutionGuid = {8A388AE9-3CF7-49B1-8F51-211B98F79A17}
	EndGlobalSection
EndGlobal
